// !$*UTF8*$!
{
	archiveVersion = 1;
	classes = {
	};
	objectVersion = 46;
	objects = {

/* Begin PBXBuildFile section */
		6D8C6C071E46F8E20006D4FF /* NDNewsSourcesViewController.m in Sources */ = {isa = PBXBuildFile; fileRef = 6D8C6C061E46F8E20006D4FF /* NDNewsSourcesViewController.m */; };
		6D8C6C081E46F8E20006D4FF /* NDNewsSourcesViewController.m in Sources */ = {isa = PBXBuildFile; fileRef = 6D8C6C061E46F8E20006D4FF /* NDNewsSourcesViewController.m */; };
		6D8C6C091E46F8E20006D4FF /* NDNewsSourcesViewController.m in Sources */ = {isa = PBXBuildFile; fileRef = 6D8C6C061E46F8E20006D4FF /* NDNewsSourcesViewController.m */; };
		6D8C6C621E470A1E0006D4FF /* No-image.png in Resources */ = {isa = PBXBuildFile; fileRef = 6D8C6C611E470A1E0006D4FF /* No-image.png */; };
		6D8C6C631E470A1E0006D4FF /* No-image.png in Resources */ = {isa = PBXBuildFile; fileRef = 6D8C6C611E470A1E0006D4FF /* No-image.png */; };
		6D8C6C641E470A1E0006D4FF /* No-image.png in Resources */ = {isa = PBXBuildFile; fileRef = 6D8C6C611E470A1E0006D4FF /* No-image.png */; };
		6DCE71251E47A6C4000B30BC /* NDNewsListViewController.m in Sources */ = {isa = PBXBuildFile; fileRef = 6DCE71241E47A6C4000B30BC /* NDNewsListViewController.m */; };
		6DCE71261E47A6C4000B30BC /* NDNewsListViewController.m in Sources */ = {isa = PBXBuildFile; fileRef = 6DCE71241E47A6C4000B30BC /* NDNewsListViewController.m */; };
		6DCE71271E47A6C4000B30BC /* NDNewsListViewController.m in Sources */ = {isa = PBXBuildFile; fileRef = 6DCE71241E47A6C4000B30BC /* NDNewsListViewController.m */; };
		6DCE712B1E47A848000B30BC /* NDCustomCell.m in Sources */ = {isa = PBXBuildFile; fileRef = 6DCE71291E47A848000B30BC /* NDCustomCell.m */; };
		6DCE712C1E47A848000B30BC /* NDCustomCell.m in Sources */ = {isa = PBXBuildFile; fileRef = 6DCE71291E47A848000B30BC /* NDCustomCell.m */; };
		6DCE712D1E47A848000B30BC /* NDCustomCell.m in Sources */ = {isa = PBXBuildFile; fileRef = 6DCE71291E47A848000B30BC /* NDCustomCell.m */; };
		6DCE712E1E47A848000B30BC /* NDCustomCell.xib in Resources */ = {isa = PBXBuildFile; fileRef = 6DCE712A1E47A848000B30BC /* NDCustomCell.xib */; };
		6DCE712F1E47A848000B30BC /* NDCustomCell.xib in Resources */ = {isa = PBXBuildFile; fileRef = 6DCE712A1E47A848000B30BC /* NDCustomCell.xib */; };
		6DCE71301E47A848000B30BC /* NDCustomCell.xib in Resources */ = {isa = PBXBuildFile; fileRef = 6DCE712A1E47A848000B30BC /* NDCustomCell.xib */; };
		E71E29181E4B3692002BE33A /* NDNewsDetailViewController.m in Sources */ = {isa = PBXBuildFile; fileRef = E71E29171E4B3692002BE33A /* NDNewsDetailViewController.m */; };
		E71E29191E4B3692002BE33A /* NDNewsDetailViewController.m in Sources */ = {isa = PBXBuildFile; fileRef = E71E29171E4B3692002BE33A /* NDNewsDetailViewController.m */; };
		E71E291A1E4B3692002BE33A /* NDNewsDetailViewController.m in Sources */ = {isa = PBXBuildFile; fileRef = E71E29171E4B3692002BE33A /* NDNewsDetailViewController.m */; };
		E73FF3591E557C9500348C4C /* DataManager.m in Sources */ = {isa = PBXBuildFile; fileRef = E73FF3471E557C9500348C4C /* DataManager.m */; };
		E73FF35A1E557C9500348C4C /* DataManager.m in Sources */ = {isa = PBXBuildFile; fileRef = E73FF3471E557C9500348C4C /* DataManager.m */; };
		E73FF35B1E557C9500348C4C /* DataManager.m in Sources */ = {isa = PBXBuildFile; fileRef = E73FF3471E557C9500348C4C /* DataManager.m */; };
		E73FF3621E557C9500348C4C /* MFLog.m in Sources */ = {isa = PBXBuildFile; fileRef = E73FF34D1E557C9500348C4C /* MFLog.m */; };
		E73FF3631E557C9500348C4C /* MFLog.m in Sources */ = {isa = PBXBuildFile; fileRef = E73FF34D1E557C9500348C4C /* MFLog.m */; };
		E73FF3641E557C9500348C4C /* MFLog.m in Sources */ = {isa = PBXBuildFile; fileRef = E73FF34D1E557C9500348C4C /* MFLog.m */; };
		E73FF3681E557C9500348C4C /* UIUtils.m in Sources */ = {isa = PBXBuildFile; fileRef = E73FF3511E557C9500348C4C /* UIUtils.m */; };
		E73FF3691E557C9500348C4C /* UIUtils.m in Sources */ = {isa = PBXBuildFile; fileRef = E73FF3511E557C9500348C4C /* UIUtils.m */; };
		E73FF36A1E557C9500348C4C /* UIUtils.m in Sources */ = {isa = PBXBuildFile; fileRef = E73FF3511E557C9500348C4C /* UIUtils.m */; };
		E73FF36B1E557C9500348C4C /* WebServiceManager.m in Sources */ = {isa = PBXBuildFile; fileRef = E73FF3531E557C9500348C4C /* WebServiceManager.m */; };
		E73FF36C1E557C9500348C4C /* WebServiceManager.m in Sources */ = {isa = PBXBuildFile; fileRef = E73FF3531E557C9500348C4C /* WebServiceManager.m */; };
		E73FF36D1E557C9500348C4C /* WebServiceManager.m in Sources */ = {isa = PBXBuildFile; fileRef = E73FF3531E557C9500348C4C /* WebServiceManager.m */; };
		E73FF36E1E557C9500348C4C /* WebServiceResponse.m in Sources */ = {isa = PBXBuildFile; fileRef = E73FF3551E557C9500348C4C /* WebServiceResponse.m */; };
		E73FF36F1E557C9500348C4C /* WebServiceResponse.m in Sources */ = {isa = PBXBuildFile; fileRef = E73FF3551E557C9500348C4C /* WebServiceResponse.m */; };
		E73FF3701E557C9500348C4C /* WebServiceResponse.m in Sources */ = {isa = PBXBuildFile; fileRef = E73FF3551E557C9500348C4C /* WebServiceResponse.m */; };
		E73FF3731E55883D00348C4C /* SourceElement.m in Sources */ = {isa = PBXBuildFile; fileRef = E73FF3721E55883D00348C4C /* SourceElement.m */; };
		E73FF3741E55883D00348C4C /* SourceElement.m in Sources */ = {isa = PBXBuildFile; fileRef = E73FF3721E55883D00348C4C /* SourceElement.m */; };
		E73FF3751E55883D00348C4C /* SourceElement.m in Sources */ = {isa = PBXBuildFile; fileRef = E73FF3721E55883D00348C4C /* SourceElement.m */; };
		E73FF37E1E55955800348C4C /* CustomCollectionViewCell.m in Sources */ = {isa = PBXBuildFile; fileRef = E73FF37C1E55955800348C4C /* CustomCollectionViewCell.m */; };
		E73FF37F1E55955800348C4C /* CustomCollectionViewCell.m in Sources */ = {isa = PBXBuildFile; fileRef = E73FF37C1E55955800348C4C /* CustomCollectionViewCell.m */; };
		E73FF3801E55955800348C4C /* CustomCollectionViewCell.m in Sources */ = {isa = PBXBuildFile; fileRef = E73FF37C1E55955800348C4C /* CustomCollectionViewCell.m */; };
		E73FF3811E55955800348C4C /* CustomCollectionViewCell.xib in Resources */ = {isa = PBXBuildFile; fileRef = E73FF37D1E55955800348C4C /* CustomCollectionViewCell.xib */; };
		E73FF3821E55955800348C4C /* CustomCollectionViewCell.xib in Resources */ = {isa = PBXBuildFile; fileRef = E73FF37D1E55955800348C4C /* CustomCollectionViewCell.xib */; };
		E73FF3831E55955800348C4C /* CustomCollectionViewCell.xib in Resources */ = {isa = PBXBuildFile; fileRef = E73FF37D1E55955800348C4C /* CustomCollectionViewCell.xib */; };
		E73FF3861E55B5F500348C4C /* SourceCategories.m in Sources */ = {isa = PBXBuildFile; fileRef = E73FF3851E55B5F500348C4C /* SourceCategories.m */; };
		E73FF3871E55B5F500348C4C /* SourceCategories.m in Sources */ = {isa = PBXBuildFile; fileRef = E73FF3851E55B5F500348C4C /* SourceCategories.m */; };
		E73FF3881E55B5F500348C4C /* SourceCategories.m in Sources */ = {isa = PBXBuildFile; fileRef = E73FF3851E55B5F500348C4C /* SourceCategories.m */; };
		E75C649A1E44A90C003C6245 /* main.m in Sources */ = {isa = PBXBuildFile; fileRef = E75C64991E44A90C003C6245 /* main.m */; };
		E75C649D1E44A90C003C6245 /* AppDelegate.m in Sources */ = {isa = PBXBuildFile; fileRef = E75C649C1E44A90C003C6245 /* AppDelegate.m */; };
		E75C64A01E44A90C003C6245 /* ViewController.m in Sources */ = {isa = PBXBuildFile; fileRef = E75C649F1E44A90C003C6245 /* ViewController.m */; };
		E75C64A31E44A90C003C6245 /* Main.storyboard in Resources */ = {isa = PBXBuildFile; fileRef = E75C64A11E44A90C003C6245 /* Main.storyboard */; };
		E75C64A61E44A90C003C6245 /* NewsDemo.xcdatamodeld in Sources */ = {isa = PBXBuildFile; fileRef = E75C64A41E44A90C003C6245 /* NewsDemo.xcdatamodeld */; };
		E75C64A81E44A90C003C6245 /* Assets.xcassets in Resources */ = {isa = PBXBuildFile; fileRef = E75C64A71E44A90C003C6245 /* Assets.xcassets */; };
		E75C64AB1E44A90C003C6245 /* LaunchScreen.storyboard in Resources */ = {isa = PBXBuildFile; fileRef = E75C64A91E44A90C003C6245 /* LaunchScreen.storyboard */; };
		E75C64B61E44A90D003C6245 /* NewsDemoTests.m in Sources */ = {isa = PBXBuildFile; fileRef = E75C64B51E44A90D003C6245 /* NewsDemoTests.m */; };
		E75C64C11E44A90D003C6245 /* NewsDemoUITests.m in Sources */ = {isa = PBXBuildFile; fileRef = E75C64C01E44A90D003C6245 /* NewsDemoUITests.m */; };
		E75DEBA41E56D05E0084665B /* NewsListElement.m in Sources */ = {isa = PBXBuildFile; fileRef = E75DEBA31E56D05E0084665B /* NewsListElement.m */; };
		E75DEBA51E56D05E0084665B /* NewsListElement.m in Sources */ = {isa = PBXBuildFile; fileRef = E75DEBA31E56D05E0084665B /* NewsListElement.m */; };
		E75DEBA61E56D05E0084665B /* NewsListElement.m in Sources */ = {isa = PBXBuildFile; fileRef = E75DEBA31E56D05E0084665B /* NewsListElement.m */; };
		E7714EF01E488E310065002A /* NDCustomMenu.xib in Resources */ = {isa = PBXBuildFile; fileRef = E7714EEF1E488E310065002A /* NDCustomMenu.xib */; };
		E7714EF11E488E310065002A /* NDCustomMenu.xib in Resources */ = {isa = PBXBuildFile; fileRef = E7714EEF1E488E310065002A /* NDCustomMenu.xib */; };
		E7714EF21E488E310065002A /* NDCustomMenu.xib in Resources */ = {isa = PBXBuildFile; fileRef = E7714EEF1E488E310065002A /* NDCustomMenu.xib */; };
		E7714EF51E488F950065002A /* NDCustomMenu.m in Sources */ = {isa = PBXBuildFile; fileRef = E7714EF41E488F950065002A /* NDCustomMenu.m */; };
		E7714EF61E488F950065002A /* NDCustomMenu.m in Sources */ = {isa = PBXBuildFile; fileRef = E7714EF41E488F950065002A /* NDCustomMenu.m */; };
		E7714EF71E488F950065002A /* NDCustomMenu.m in Sources */ = {isa = PBXBuildFile; fileRef = E7714EF41E488F950065002A /* NDCustomMenu.m */; };
		E7C434A41E4C991C00AAB187 /* menu.png in Resources */ = {isa = PBXBuildFile; fileRef = E7C434A31E4C991C00AAB187 /* menu.png */; };
		E7C434A51E4C991C00AAB187 /* menu.png in Resources */ = {isa = PBXBuildFile; fileRef = E7C434A31E4C991C00AAB187 /* menu.png */; };
		E7C434A61E4C991C00AAB187 /* menu.png in Resources */ = {isa = PBXBuildFile; fileRef = E7C434A31E4C991C00AAB187 /* menu.png */; };
/* End PBXBuildFile section */

/* Begin PBXContainerItemProxy section */
		E75C64B21E44A90C003C6245 /* PBXContainerItemProxy */ = {
			isa = PBXContainerItemProxy;
			containerPortal = E75C648D1E44A90C003C6245 /* Project object */;
			proxyType = 1;
			remoteGlobalIDString = E75C64941E44A90C003C6245;
			remoteInfo = NewsDemo;
		};
		E75C64BD1E44A90D003C6245 /* PBXContainerItemProxy */ = {
			isa = PBXContainerItemProxy;
			containerPortal = E75C648D1E44A90C003C6245 /* Project object */;
			proxyType = 1;
			remoteGlobalIDString = E75C64941E44A90C003C6245;
			remoteInfo = NewsDemo;
		};
/* End PBXContainerItemProxy section */

/* Begin PBXFileReference section */
		6D8C6C051E46F8E20006D4FF /* NDNewsSourcesViewController.h */ = {isa = PBXFileReference; fileEncoding = 4; lastKnownFileType = sourcecode.c.h; path = NDNewsSourcesViewController.h; sourceTree = "<group>"; };
		6D8C6C061E46F8E20006D4FF /* NDNewsSourcesViewController.m */ = {isa = PBXFileReference; fileEncoding = 4; lastKnownFileType = sourcecode.c.objc; path = NDNewsSourcesViewController.m; sourceTree = "<group>"; };
		6D8C6C611E470A1E0006D4FF /* No-image.png */ = {isa = PBXFileReference; lastKnownFileType = image.png; path = "No-image.png"; sourceTree = "<group>"; };
		6DCE71231E47A6C4000B30BC /* NDNewsListViewController.h */ = {isa = PBXFileReference; fileEncoding = 4; lastKnownFileType = sourcecode.c.h; path = NDNewsListViewController.h; sourceTree = "<group>"; };
		6DCE71241E47A6C4000B30BC /* NDNewsListViewController.m */ = {isa = PBXFileReference; fileEncoding = 4; lastKnownFileType = sourcecode.c.objc; path = NDNewsListViewController.m; sourceTree = "<group>"; };
		6DCE71281E47A848000B30BC /* NDCustomCell.h */ = {isa = PBXFileReference; fileEncoding = 4; lastKnownFileType = sourcecode.c.h; path = NDCustomCell.h; sourceTree = "<group>"; };
		6DCE71291E47A848000B30BC /* NDCustomCell.m */ = {isa = PBXFileReference; fileEncoding = 4; lastKnownFileType = sourcecode.c.objc; path = NDCustomCell.m; sourceTree = "<group>"; };
		6DCE712A1E47A848000B30BC /* NDCustomCell.xib */ = {isa = PBXFileReference; fileEncoding = 4; lastKnownFileType = file.xib; path = NDCustomCell.xib; sourceTree = "<group>"; };
		E71E29161E4B3692002BE33A /* NDNewsDetailViewController.h */ = {isa = PBXFileReference; fileEncoding = 4; lastKnownFileType = sourcecode.c.h; path = NDNewsDetailViewController.h; sourceTree = "<group>"; };
		E71E29171E4B3692002BE33A /* NDNewsDetailViewController.m */ = {isa = PBXFileReference; fileEncoding = 4; lastKnownFileType = sourcecode.c.objc; path = NDNewsDetailViewController.m; sourceTree = "<group>"; };
		E72CC7941E49D8330084F901 /* Define.h */ = {isa = PBXFileReference; fileEncoding = 4; lastKnownFileType = sourcecode.c.h; path = Define.h; sourceTree = "<group>"; };
		E73FF3461E557C9500348C4C /* DataManager.h */ = {isa = PBXFileReference; fileEncoding = 4; lastKnownFileType = sourcecode.c.h; path = DataManager.h; sourceTree = "<group>"; };
		E73FF3471E557C9500348C4C /* DataManager.m */ = {isa = PBXFileReference; fileEncoding = 4; lastKnownFileType = sourcecode.c.objc; path = DataManager.m; sourceTree = "<group>"; };
		E73FF34C1E557C9500348C4C /* MFLog.h */ = {isa = PBXFileReference; fileEncoding = 4; lastKnownFileType = sourcecode.c.h; path = MFLog.h; sourceTree = "<group>"; };
		E73FF34D1E557C9500348C4C /* MFLog.m */ = {isa = PBXFileReference; fileEncoding = 4; lastKnownFileType = sourcecode.c.objc; path = MFLog.m; sourceTree = "<group>"; };
		E73FF3501E557C9500348C4C /* UIUtils.h */ = {isa = PBXFileReference; fileEncoding = 4; lastKnownFileType = sourcecode.c.h; path = UIUtils.h; sourceTree = "<group>"; };
		E73FF3511E557C9500348C4C /* UIUtils.m */ = {isa = PBXFileReference; fileEncoding = 4; lastKnownFileType = sourcecode.c.objc; path = UIUtils.m; sourceTree = "<group>"; };
		E73FF3521E557C9500348C4C /* WebServiceManager.h */ = {isa = PBXFileReference; fileEncoding = 4; lastKnownFileType = sourcecode.c.h; path = WebServiceManager.h; sourceTree = "<group>"; };
		E73FF3531E557C9500348C4C /* WebServiceManager.m */ = {isa = PBXFileReference; fileEncoding = 4; lastKnownFileType = sourcecode.c.objc; path = WebServiceManager.m; sourceTree = "<group>"; };
		E73FF3541E557C9500348C4C /* WebServiceResponse.h */ = {isa = PBXFileReference; fileEncoding = 4; lastKnownFileType = sourcecode.c.h; path = WebServiceResponse.h; sourceTree = "<group>"; };
		E73FF3551E557C9500348C4C /* WebServiceResponse.m */ = {isa = PBXFileReference; fileEncoding = 4; lastKnownFileType = sourcecode.c.objc; path = WebServiceResponse.m; sourceTree = "<group>"; };
		E73FF3711E55883D00348C4C /* SourceElement.h */ = {isa = PBXFileReference; fileEncoding = 4; lastKnownFileType = sourcecode.c.h; path = SourceElement.h; sourceTree = "<group>"; };
		E73FF3721E55883D00348C4C /* SourceElement.m */ = {isa = PBXFileReference; fileEncoding = 4; lastKnownFileType = sourcecode.c.objc; path = SourceElement.m; sourceTree = "<group>"; };
		E73FF37B1E55955800348C4C /* CustomCollectionViewCell.h */ = {isa = PBXFileReference; fileEncoding = 4; lastKnownFileType = sourcecode.c.h; path = CustomCollectionViewCell.h; sourceTree = "<group>"; };
		E73FF37C1E55955800348C4C /* CustomCollectionViewCell.m */ = {isa = PBXFileReference; fileEncoding = 4; lastKnownFileType = sourcecode.c.objc; path = CustomCollectionViewCell.m; sourceTree = "<group>"; };
		E73FF37D1E55955800348C4C /* CustomCollectionViewCell.xib */ = {isa = PBXFileReference; fileEncoding = 4; lastKnownFileType = file.xib; path = CustomCollectionViewCell.xib; sourceTree = "<group>"; };
		E73FF3841E55B5F500348C4C /* SourceCategories.h */ = {isa = PBXFileReference; fileEncoding = 4; lastKnownFileType = sourcecode.c.h; path = SourceCategories.h; sourceTree = "<group>"; };
		E73FF3851E55B5F500348C4C /* SourceCategories.m */ = {isa = PBXFileReference; fileEncoding = 4; lastKnownFileType = sourcecode.c.objc; path = SourceCategories.m; sourceTree = "<group>"; };
		E75C64951E44A90C003C6245 /* NewsDemo.app */ = {isa = PBXFileReference; explicitFileType = wrapper.application; includeInIndex = 0; path = NewsDemo.app; sourceTree = BUILT_PRODUCTS_DIR; };
		E75C64991E44A90C003C6245 /* main.m */ = {isa = PBXFileReference; lastKnownFileType = sourcecode.c.objc; path = main.m; sourceTree = "<group>"; };
		E75C649B1E44A90C003C6245 /* AppDelegate.h */ = {isa = PBXFileReference; lastKnownFileType = sourcecode.c.h; path = AppDelegate.h; sourceTree = "<group>"; };
		E75C649C1E44A90C003C6245 /* AppDelegate.m */ = {isa = PBXFileReference; lastKnownFileType = sourcecode.c.objc; path = AppDelegate.m; sourceTree = "<group>"; };
		E75C649E1E44A90C003C6245 /* ViewController.h */ = {isa = PBXFileReference; lastKnownFileType = sourcecode.c.h; path = ViewController.h; sourceTree = "<group>"; };
		E75C649F1E44A90C003C6245 /* ViewController.m */ = {isa = PBXFileReference; lastKnownFileType = sourcecode.c.objc; path = ViewController.m; sourceTree = "<group>"; };
		E75C64A21E44A90C003C6245 /* Base */ = {isa = PBXFileReference; lastKnownFileType = file.storyboard; name = Base; path = Base.lproj/Main.storyboard; sourceTree = "<group>"; };
		E75C64A51E44A90C003C6245 /* NewsDemo.xcdatamodel */ = {isa = PBXFileReference; lastKnownFileType = wrapper.xcdatamodel; path = NewsDemo.xcdatamodel; sourceTree = "<group>"; };
		E75C64A71E44A90C003C6245 /* Assets.xcassets */ = {isa = PBXFileReference; lastKnownFileType = folder.assetcatalog; path = Assets.xcassets; sourceTree = "<group>"; };
		E75C64AA1E44A90C003C6245 /* Base */ = {isa = PBXFileReference; lastKnownFileType = file.storyboard; name = Base; path = Base.lproj/LaunchScreen.storyboard; sourceTree = "<group>"; };
		E75C64AC1E44A90C003C6245 /* Info.plist */ = {isa = PBXFileReference; lastKnownFileType = text.plist.xml; path = Info.plist; sourceTree = "<group>"; };
		E75C64B11E44A90C003C6245 /* NewsDemoTests.xctest */ = {isa = PBXFileReference; explicitFileType = wrapper.cfbundle; includeInIndex = 0; path = NewsDemoTests.xctest; sourceTree = BUILT_PRODUCTS_DIR; };
		E75C64B51E44A90D003C6245 /* NewsDemoTests.m */ = {isa = PBXFileReference; lastKnownFileType = sourcecode.c.objc; path = NewsDemoTests.m; sourceTree = "<group>"; };
		E75C64B71E44A90D003C6245 /* Info.plist */ = {isa = PBXFileReference; lastKnownFileType = text.plist.xml; path = Info.plist; sourceTree = "<group>"; };
		E75C64BC1E44A90D003C6245 /* NewsDemoUITests.xctest */ = {isa = PBXFileReference; explicitFileType = wrapper.cfbundle; includeInIndex = 0; path = NewsDemoUITests.xctest; sourceTree = BUILT_PRODUCTS_DIR; };
		E75C64C01E44A90D003C6245 /* NewsDemoUITests.m */ = {isa = PBXFileReference; lastKnownFileType = sourcecode.c.objc; path = NewsDemoUITests.m; sourceTree = "<group>"; };
		E75C64C21E44A90D003C6245 /* Info.plist */ = {isa = PBXFileReference; lastKnownFileType = text.plist.xml; path = Info.plist; sourceTree = "<group>"; };
		E75DEBA21E56D05E0084665B /* NewsListElement.h */ = {isa = PBXFileReference; fileEncoding = 4; lastKnownFileType = sourcecode.c.h; path = NewsListElement.h; sourceTree = "<group>"; };
		E75DEBA31E56D05E0084665B /* NewsListElement.m */ = {isa = PBXFileReference; fileEncoding = 4; lastKnownFileType = sourcecode.c.objc; path = NewsListElement.m; sourceTree = "<group>"; };
		E7714EEF1E488E310065002A /* NDCustomMenu.xib */ = {isa = PBXFileReference; fileEncoding = 4; lastKnownFileType = file.xib; path = NDCustomMenu.xib; sourceTree = "<group>"; };
		E7714EF31E488F950065002A /* NDCustomMenu.h */ = {isa = PBXFileReference; fileEncoding = 4; lastKnownFileType = sourcecode.c.h; path = NDCustomMenu.h; sourceTree = "<group>"; };
		E7714EF41E488F950065002A /* NDCustomMenu.m */ = {isa = PBXFileReference; fileEncoding = 4; lastKnownFileType = sourcecode.c.objc; path = NDCustomMenu.m; sourceTree = "<group>"; };
		E7C434A31E4C991C00AAB187 /* menu.png */ = {isa = PBXFileReference; lastKnownFileType = image.png; path = menu.png; sourceTree = "<group>"; };
/* End PBXFileReference section */

/* Begin PBXFrameworksBuildPhase section */
		E75C64921E44A90C003C6245 /* Frameworks */ = {
			isa = PBXFrameworksBuildPhase;
			buildActionMask = 2147483647;
			files = (
			);
			runOnlyForDeploymentPostprocessing = 0;
		};
		E75C64AE1E44A90C003C6245 /* Frameworks */ = {
			isa = PBXFrameworksBuildPhase;
			buildActionMask = 2147483647;
			files = (
			);
			runOnlyForDeploymentPostprocessing = 0;
		};
		E75C64B91E44A90D003C6245 /* Frameworks */ = {
			isa = PBXFrameworksBuildPhase;
			buildActionMask = 2147483647;
			files = (
			);
			runOnlyForDeploymentPostprocessing = 0;
		};
/* End PBXFrameworksBuildPhase section */

/* Begin PBXGroup section */
		E73199D61E4C3AA9003D946D /* Model */ = {
			isa = PBXGroup;
			children = (
				E73FF3711E55883D00348C4C /* SourceElement.h */,
				E73FF3721E55883D00348C4C /* SourceElement.m */,
				E73FF3841E55B5F500348C4C /* SourceCategories.h */,
				E73FF3851E55B5F500348C4C /* SourceCategories.m */,
				E75DEBA21E56D05E0084665B /* NewsListElement.h */,
				E75DEBA31E56D05E0084665B /* NewsListElement.m */,
				E73FF34C1E557C9500348C4C /* MFLog.h */,
				E73FF34D1E557C9500348C4C /* MFLog.m */,
				E73FF3501E557C9500348C4C /* UIUtils.h */,
				E73FF3511E557C9500348C4C /* UIUtils.m */,
				E73FF3521E557C9500348C4C /* WebServiceManager.h */,
				E73FF3531E557C9500348C4C /* WebServiceManager.m */,
				E73FF3541E557C9500348C4C /* WebServiceResponse.h */,
				E73FF3551E557C9500348C4C /* WebServiceResponse.m */,
			);
			name = Model;
			sourceTree = "<group>";
		};
		E73FF3891E55C48200348C4C /* Data Manager */ = {
			isa = PBXGroup;
			children = (
				E73FF3461E557C9500348C4C /* DataManager.h */,
				E73FF3471E557C9500348C4C /* DataManager.m */,
			);
			name = "Data Manager";
			sourceTree = "<group>";
		};
		E75C648C1E44A90C003C6245 = {
			isa = PBXGroup;
			children = (
				E75C64971E44A90C003C6245 /* NewsDemo */,
				E75C64B41E44A90C003C6245 /* NewsDemoTests */,
				E75C64BF1E44A90D003C6245 /* NewsDemoUITests */,
				E75C64961E44A90C003C6245 /* Products */,
			);
			sourceTree = "<group>";
		};
		E75C64961E44A90C003C6245 /* Products */ = {
			isa = PBXGroup;
			children = (
				E75C64951E44A90C003C6245 /* NewsDemo.app */,
				E75C64B11E44A90C003C6245 /* NewsDemoTests.xctest */,
				E75C64BC1E44A90D003C6245 /* NewsDemoUITests.xctest */,
			);
			name = Products;
			sourceTree = "<group>";
		};
		E75C64971E44A90C003C6245 /* NewsDemo */ = {
			isa = PBXGroup;
			children = (
				E7714ED81E484B340065002A /* Classes */,
				E75C64A71E44A90C003C6245 /* Assets.xcassets */,
				E75C64AC1E44A90C003C6245 /* Info.plist */,
				E75C64A41E44A90C003C6245 /* NewsDemo.xcdatamodeld */,
				E75C64981E44A90C003C6245 /* Supporting Files */,
			);
			path = NewsDemo;
			sourceTree = "<group>";
		};
		E75C64981E44A90C003C6245 /* Supporting Files */ = {
			isa = PBXGroup;
			children = (
				E75C64991E44A90C003C6245 /* main.m */,
				E72CC7941E49D8330084F901 /* Define.h */,
			);
			name = "Supporting Files";
			sourceTree = "<group>";
		};
		E75C64B41E44A90C003C6245 /* NewsDemoTests */ = {
			isa = PBXGroup;
			children = (
				E75C64B51E44A90D003C6245 /* NewsDemoTests.m */,
				E75C64B71E44A90D003C6245 /* Info.plist */,
			);
			path = NewsDemoTests;
			sourceTree = "<group>";
		};
		E75C64BF1E44A90D003C6245 /* NewsDemoUITests */ = {
			isa = PBXGroup;
			children = (
				E75C64C01E44A90D003C6245 /* NewsDemoUITests.m */,
				E75C64C21E44A90D003C6245 /* Info.plist */,
			);
			path = NewsDemoUITests;
			sourceTree = "<group>";
		};
		E7714ED81E484B340065002A /* Classes */ = {
			isa = PBXGroup;
			children = (
				E7714ED91E484B400065002A /* Appdelegate */,
				E73FF3891E55C48200348C4C /* Data Manager */,
				E73199D61E4C3AA9003D946D /* Model */,
				E7C434981E4C662300AAB187 /* View Controllers */,
				E7714EDA1E484B580065002A /* CustomViews */,
				E7C4349A1E4C66D600AAB187 /* Custom Cells */,
				E7C434991E4C668000AAB187 /* Storyboard */,
				E7714EDB1E484B7D0065002A /* Resources */,
			);
			name = Classes;
			sourceTree = "<group>";
		};
		E7714ED91E484B400065002A /* Appdelegate */ = {
			isa = PBXGroup;
			children = (
				E75C649B1E44A90C003C6245 /* AppDelegate.h */,
				E75C649C1E44A90C003C6245 /* AppDelegate.m */,
			);
			name = Appdelegate;
			sourceTree = "<group>";
		};
		E7714EDA1E484B580065002A /* CustomViews */ = {
			isa = PBXGroup;
			children = (
				E7714EF31E488F950065002A /* NDCustomMenu.h */,
				E7714EF41E488F950065002A /* NDCustomMenu.m */,
				E7714EEF1E488E310065002A /* NDCustomMenu.xib */,
			);
			name = CustomViews;
			sourceTree = "<group>";
		};
		E7714EDB1E484B7D0065002A /* Resources */ = {
			isa = PBXGroup;
			children = (
				E7714EDC1E484B900065002A /* Images */,
			);
			name = Resources;
			sourceTree = "<group>";
		};
		E7714EDC1E484B900065002A /* Images */ = {
			isa = PBXGroup;
			children = (
				E7C434A31E4C991C00AAB187 /* menu.png */,
				6D8C6C611E470A1E0006D4FF /* No-image.png */,
			);
			name = Images;
			sourceTree = "<group>";
		};
		E7C434981E4C662300AAB187 /* View Controllers */ = {
			isa = PBXGroup;
			children = (
				E75C649E1E44A90C003C6245 /* ViewController.h */,
				E75C649F1E44A90C003C6245 /* ViewController.m */,
				6D8C6C051E46F8E20006D4FF /* NDNewsSourcesViewController.h */,
				6D8C6C061E46F8E20006D4FF /* NDNewsSourcesViewController.m */,
				6DCE71231E47A6C4000B30BC /* NDNewsListViewController.h */,
				6DCE71241E47A6C4000B30BC /* NDNewsListViewController.m */,
				E71E29161E4B3692002BE33A /* NDNewsDetailViewController.h */,
				E71E29171E4B3692002BE33A /* NDNewsDetailViewController.m */,
			);
			name = "View Controllers";
			sourceTree = "<group>";
		};
		E7C434991E4C668000AAB187 /* Storyboard */ = {
			isa = PBXGroup;
			children = (
				E75C64A11E44A90C003C6245 /* Main.storyboard */,
				E75C64A91E44A90C003C6245 /* LaunchScreen.storyboard */,
			);
			name = Storyboard;
			sourceTree = "<group>";
		};
		E7C4349A1E4C66D600AAB187 /* Custom Cells */ = {
			isa = PBXGroup;
			children = (
				6DCE71281E47A848000B30BC /* NDCustomCell.h */,
				6DCE71291E47A848000B30BC /* NDCustomCell.m */,
				6DCE712A1E47A848000B30BC /* NDCustomCell.xib */,
				E73FF37B1E55955800348C4C /* CustomCollectionViewCell.h */,
				E73FF37C1E55955800348C4C /* CustomCollectionViewCell.m */,
				E73FF37D1E55955800348C4C /* CustomCollectionViewCell.xib */,
			);
			name = "Custom Cells";
			sourceTree = "<group>";
		};
/* End PBXGroup section */

/* Begin PBXNativeTarget section */
		E75C64941E44A90C003C6245 /* NewsDemo */ = {
			isa = PBXNativeTarget;
			buildConfigurationList = E75C64C51E44A90D003C6245 /* Build configuration list for PBXNativeTarget "NewsDemo" */;
			buildPhases = (
				E75C64911E44A90C003C6245 /* Sources */,
				E75C64921E44A90C003C6245 /* Frameworks */,
				E75C64931E44A90C003C6245 /* Resources */,
			);
			buildRules = (
			);
			dependencies = (
			);
			name = NewsDemo;
			productName = NewsDemo;
			productReference = E75C64951E44A90C003C6245 /* NewsDemo.app */;
			productType = "com.apple.product-type.application";
		};
		E75C64B01E44A90C003C6245 /* NewsDemoTests */ = {
			isa = PBXNativeTarget;
			buildConfigurationList = E75C64C81E44A90D003C6245 /* Build configuration list for PBXNativeTarget "NewsDemoTests" */;
			buildPhases = (
				E75C64AD1E44A90C003C6245 /* Sources */,
				E75C64AE1E44A90C003C6245 /* Frameworks */,
				E75C64AF1E44A90C003C6245 /* Resources */,
			);
			buildRules = (
			);
			dependencies = (
				E75C64B31E44A90C003C6245 /* PBXTargetDependency */,
			);
			name = NewsDemoTests;
			productName = NewsDemoTests;
			productReference = E75C64B11E44A90C003C6245 /* NewsDemoTests.xctest */;
			productType = "com.apple.product-type.bundle.unit-test";
		};
		E75C64BB1E44A90D003C6245 /* NewsDemoUITests */ = {
			isa = PBXNativeTarget;
			buildConfigurationList = E75C64CB1E44A90D003C6245 /* Build configuration list for PBXNativeTarget "NewsDemoUITests" */;
			buildPhases = (
				E75C64B81E44A90D003C6245 /* Sources */,
				E75C64B91E44A90D003C6245 /* Frameworks */,
				E75C64BA1E44A90D003C6245 /* Resources */,
			);
			buildRules = (
			);
			dependencies = (
				E75C64BE1E44A90D003C6245 /* PBXTargetDependency */,
			);
			name = NewsDemoUITests;
			productName = NewsDemoUITests;
			productReference = E75C64BC1E44A90D003C6245 /* NewsDemoUITests.xctest */;
			productType = "com.apple.product-type.bundle.ui-testing";
		};
/* End PBXNativeTarget section */

/* Begin PBXProject section */
		E75C648D1E44A90C003C6245 /* Project object */ = {
			isa = PBXProject;
			attributes = {
				LastUpgradeCheck = 0810;
				ORGANIZATIONNAME = "Amanpreet Singh\U0010";
				TargetAttributes = {
					E75C64941E44A90C003C6245 = {
						CreatedOnToolsVersion = 8.1;
						ProvisioningStyle = Automatic;
					};
					E75C64B01E44A90C003C6245 = {
						CreatedOnToolsVersion = 8.1;
						ProvisioningStyle = Automatic;
						TestTargetID = E75C64941E44A90C003C6245;
					};
					E75C64BB1E44A90D003C6245 = {
						CreatedOnToolsVersion = 8.1;
						ProvisioningStyle = Automatic;
						TestTargetID = E75C64941E44A90C003C6245;
					};
				};
			};
			buildConfigurationList = E75C64901E44A90C003C6245 /* Build configuration list for PBXProject "NewsDemo" */;
			compatibilityVersion = "Xcode 3.2";
			developmentRegion = English;
			hasScannedForEncodings = 0;
			knownRegions = (
				en,
				Base,
			);
			mainGroup = E75C648C1E44A90C003C6245;
			productRefGroup = E75C64961E44A90C003C6245 /* Products */;
			projectDirPath = "";
			projectRoot = "";
			targets = (
				E75C64941E44A90C003C6245 /* NewsDemo */,
				E75C64B01E44A90C003C6245 /* NewsDemoTests */,
				E75C64BB1E44A90D003C6245 /* NewsDemoUITests */,
			);
		};
/* End PBXProject section */

/* Begin PBXResourcesBuildPhase section */
		E75C64931E44A90C003C6245 /* Resources */ = {
			isa = PBXResourcesBuildPhase;
			buildActionMask = 2147483647;
			files = (
				6D8C6C621E470A1E0006D4FF /* No-image.png in Resources */,
				E75C64AB1E44A90C003C6245 /* LaunchScreen.storyboard in Resources */,
				E7714EF01E488E310065002A /* NDCustomMenu.xib in Resources */,
				E75C64A81E44A90C003C6245 /* Assets.xcassets in Resources */,
				6DCE712E1E47A848000B30BC /* NDCustomCell.xib in Resources */,
				E7C434A41E4C991C00AAB187 /* menu.png in Resources */,
				E73FF3811E55955800348C4C /* CustomCollectionViewCell.xib in Resources */,
				E75C64A31E44A90C003C6245 /* Main.storyboard in Resources */,
			);
			runOnlyForDeploymentPostprocessing = 0;
		};
		E75C64AF1E44A90C003C6245 /* Resources */ = {
			isa = PBXResourcesBuildPhase;
			buildActionMask = 2147483647;
			files = (
				E7C434A51E4C991C00AAB187 /* menu.png in Resources */,
				6DCE712F1E47A848000B30BC /* NDCustomCell.xib in Resources */,
				E7714EF11E488E310065002A /* NDCustomMenu.xib in Resources */,
				6D8C6C631E470A1E0006D4FF /* No-image.png in Resources */,
				E73FF3821E55955800348C4C /* CustomCollectionViewCell.xib in Resources */,
			);
			runOnlyForDeploymentPostprocessing = 0;
		};
		E75C64BA1E44A90D003C6245 /* Resources */ = {
			isa = PBXResourcesBuildPhase;
			buildActionMask = 2147483647;
			files = (
				E7C434A61E4C991C00AAB187 /* menu.png in Resources */,
				6DCE71301E47A848000B30BC /* NDCustomCell.xib in Resources */,
				E7714EF21E488E310065002A /* NDCustomMenu.xib in Resources */,
				6D8C6C641E470A1E0006D4FF /* No-image.png in Resources */,
				E73FF3831E55955800348C4C /* CustomCollectionViewCell.xib in Resources */,
			);
			runOnlyForDeploymentPostprocessing = 0;
		};
/* End PBXResourcesBuildPhase section */

/* Begin PBXSourcesBuildPhase section */
		E75C64911E44A90C003C6245 /* Sources */ = {
			isa = PBXSourcesBuildPhase;
			buildActionMask = 2147483647;
			files = (
				E75C64A01E44A90C003C6245 /* ViewController.m in Sources */,
				E73FF36E1E557C9500348C4C /* WebServiceResponse.m in Sources */,
				E73FF3861E55B5F500348C4C /* SourceCategories.m in Sources */,
				E73FF37E1E55955800348C4C /* CustomCollectionViewCell.m in Sources */,
				6DCE71251E47A6C4000B30BC /* NDNewsListViewController.m in Sources */,
				E75DEBA41E56D05E0084665B /* NewsListElement.m in Sources */,
				E75C649D1E44A90C003C6245 /* AppDelegate.m in Sources */,
				E73FF3731E55883D00348C4C /* SourceElement.m in Sources */,
				E73FF3681E557C9500348C4C /* UIUtils.m in Sources */,
				E73FF3621E557C9500348C4C /* MFLog.m in Sources */,
				E73FF3591E557C9500348C4C /* DataManager.m in Sources */,
				E71E29181E4B3692002BE33A /* NDNewsDetailViewController.m in Sources */,
				6D8C6C071E46F8E20006D4FF /* NDNewsSourcesViewController.m in Sources */,
				E75C649A1E44A90C003C6245 /* main.m in Sources */,
				E75C64A61E44A90C003C6245 /* NewsDemo.xcdatamodeld in Sources */,
				E7714EF51E488F950065002A /* NDCustomMenu.m in Sources */,
				E73FF36B1E557C9500348C4C /* WebServiceManager.m in Sources */,
				6DCE712B1E47A848000B30BC /* NDCustomCell.m in Sources */,
			);
			runOnlyForDeploymentPostprocessing = 0;
		};
		E75C64AD1E44A90C003C6245 /* Sources */ = {
			isa = PBXSourcesBuildPhase;
			buildActionMask = 2147483647;
			files = (
				E73FF35A1E557C9500348C4C /* DataManager.m in Sources */,
				E73FF3631E557C9500348C4C /* MFLog.m in Sources */,
				6DCE712C1E47A848000B30BC /* NDCustomCell.m in Sources */,
				E7714EF61E488F950065002A /* NDCustomMenu.m in Sources */,
				E73FF3741E55883D00348C4C /* SourceElement.m in Sources */,
				E75C64B61E44A90D003C6245 /* NewsDemoTests.m in Sources */,
				E73FF36F1E557C9500348C4C /* WebServiceResponse.m in Sources */,
				6D8C6C081E46F8E20006D4FF /* NDNewsSourcesViewController.m in Sources */,
				6DCE71261E47A6C4000B30BC /* NDNewsListViewController.m in Sources */,
				E71E29191E4B3692002BE33A /* NDNewsDetailViewController.m in Sources */,
				E73FF37F1E55955800348C4C /* CustomCollectionViewCell.m in Sources */,
				E73FF3871E55B5F500348C4C /* SourceCategories.m in Sources */,
				E75DEBA51E56D05E0084665B /* NewsListElement.m in Sources */,
				E73FF36C1E557C9500348C4C /* WebServiceManager.m in Sources */,
				E73FF3691E557C9500348C4C /* UIUtils.m in Sources */,
			);
			runOnlyForDeploymentPostprocessing = 0;
		};
		E75C64B81E44A90D003C6245 /* Sources */ = {
			isa = PBXSourcesBuildPhase;
			buildActionMask = 2147483647;
			files = (
				E73FF35B1E557C9500348C4C /* DataManager.m in Sources */,
				E73FF3641E557C9500348C4C /* MFLog.m in Sources */,
				6DCE712D1E47A848000B30BC /* NDCustomCell.m in Sources */,
				E7714EF71E488F950065002A /* NDCustomMenu.m in Sources */,
				E73FF3751E55883D00348C4C /* SourceElement.m in Sources */,
				E75C64C11E44A90D003C6245 /* NewsDemoUITests.m in Sources */,
				E73FF3701E557C9500348C4C /* WebServiceResponse.m in Sources */,
				6D8C6C091E46F8E20006D4FF /* NDNewsSourcesViewController.m in Sources */,
				6DCE71271E47A6C4000B30BC /* NDNewsListViewController.m in Sources */,
				E71E291A1E4B3692002BE33A /* NDNewsDetailViewController.m in Sources */,
				E73FF3801E55955800348C4C /* CustomCollectionViewCell.m in Sources */,
				E73FF3881E55B5F500348C4C /* SourceCategories.m in Sources */,
				E75DEBA61E56D05E0084665B /* NewsListElement.m in Sources */,
				E73FF36D1E557C9500348C4C /* WebServiceManager.m in Sources */,
				E73FF36A1E557C9500348C4C /* UIUtils.m in Sources */,
			);
			runOnlyForDeploymentPostprocessing = 0;
		};
/* End PBXSourcesBuildPhase section */

/* Begin PBXTargetDependency section */
		E75C64B31E44A90C003C6245 /* PBXTargetDependency */ = {
			isa = PBXTargetDependency;
			target = E75C64941E44A90C003C6245 /* NewsDemo */;
			targetProxy = E75C64B21E44A90C003C6245 /* PBXContainerItemProxy */;
		};
		E75C64BE1E44A90D003C6245 /* PBXTargetDependency */ = {
			isa = PBXTargetDependency;
			target = E75C64941E44A90C003C6245 /* NewsDemo */;
			targetProxy = E75C64BD1E44A90D003C6245 /* PBXContainerItemProxy */;
		};
/* End PBXTargetDependency section */

/* Begin PBXVariantGroup section */
		E75C64A11E44A90C003C6245 /* Main.storyboard */ = {
			isa = PBXVariantGroup;
			children = (
				E75C64A21E44A90C003C6245 /* Base */,
			);
			name = Main.storyboard;
			sourceTree = "<group>";
		};
		E75C64A91E44A90C003C6245 /* LaunchScreen.storyboard */ = {
			isa = PBXVariantGroup;
			children = (
				E75C64AA1E44A90C003C6245 /* Base */,
			);
			name = LaunchScreen.storyboard;
			sourceTree = "<group>";
		};
/* End PBXVariantGroup section */

/* Begin XCBuildConfiguration section */
		E75C64C31E44A90D003C6245 /* Debug */ = {
			isa = XCBuildConfiguration;
			buildSettings = {
				ALWAYS_SEARCH_USER_PATHS = NO;
				CLANG_ANALYZER_NONNULL = YES;
				CLANG_CXX_LANGUAGE_STANDARD = "gnu++0x";
				CLANG_CXX_LIBRARY = "libc++";
				CLANG_ENABLE_MODULES = YES;
				CLANG_ENABLE_OBJC_ARC = YES;
				CLANG_WARN_BOOL_CONVERSION = YES;
				CLANG_WARN_CONSTANT_CONVERSION = YES;
				CLANG_WARN_DIRECT_OBJC_ISA_USAGE = YES_ERROR;
				CLANG_WARN_DOCUMENTATION_COMMENTS = YES;
				CLANG_WARN_EMPTY_BODY = YES;
				CLANG_WARN_ENUM_CONVERSION = YES;
				CLANG_WARN_INFINITE_RECURSION = YES;
				CLANG_WARN_INT_CONVERSION = YES;
				CLANG_WARN_OBJC_ROOT_CLASS = YES_ERROR;
				CLANG_WARN_SUSPICIOUS_MOVES = YES;
				CLANG_WARN_UNREACHABLE_CODE = YES;
				CLANG_WARN__DUPLICATE_METHOD_MATCH = YES;
				"CODE_SIGN_IDENTITY[sdk=iphoneos*]" = "iPhone Developer";
				COPY_PHASE_STRIP = NO;
				DEBUG_INFORMATION_FORMAT = dwarf;
				ENABLE_STRICT_OBJC_MSGSEND = YES;
				ENABLE_TESTABILITY = YES;
				GCC_C_LANGUAGE_STANDARD = gnu99;
				GCC_DYNAMIC_NO_PIC = NO;
				GCC_NO_COMMON_BLOCKS = YES;
				GCC_OPTIMIZATION_LEVEL = 0;
				GCC_PREPROCESSOR_DEFINITIONS = (
					"DEBUG=1",
					"$(inherited)",
				);
				GCC_WARN_64_TO_32_BIT_CONVERSION = YES;
				GCC_WARN_ABOUT_RETURN_TYPE = YES_ERROR;
				GCC_WARN_UNDECLARED_SELECTOR = YES;
				GCC_WARN_UNINITIALIZED_AUTOS = YES_AGGRESSIVE;
				GCC_WARN_UNUSED_FUNCTION = YES;
				GCC_WARN_UNUSED_VARIABLE = YES;
				IPHONEOS_DEPLOYMENT_TARGET = 10.1;
				MTL_ENABLE_DEBUG_INFO = YES;
				ONLY_ACTIVE_ARCH = YES;
				SDKROOT = iphoneos;
				TARGETED_DEVICE_FAMILY = "1,2";
			};
			name = Debug;
		};
		E75C64C41E44A90D003C6245 /* Release */ = {
			isa = XCBuildConfiguration;
			buildSettings = {
				ALWAYS_SEARCH_USER_PATHS = NO;
				CLANG_ANALYZER_NONNULL = YES;
				CLANG_CXX_LANGUAGE_STANDARD = "gnu++0x";
				CLANG_CXX_LIBRARY = "libc++";
				CLANG_ENABLE_MODULES = YES;
				CLANG_ENABLE_OBJC_ARC = YES;
				CLANG_WARN_BOOL_CONVERSION = YES;
				CLANG_WARN_CONSTANT_CONVERSION = YES;
				CLANG_WARN_DIRECT_OBJC_ISA_USAGE = YES_ERROR;
				CLANG_WARN_DOCUMENTATION_COMMENTS = YES;
				CLANG_WARN_EMPTY_BODY = YES;
				CLANG_WARN_ENUM_CONVERSION = YES;
				CLANG_WARN_INFINITE_RECURSION = YES;
				CLANG_WARN_INT_CONVERSION = YES;
				CLANG_WARN_OBJC_ROOT_CLASS = YES_ERROR;
				CLANG_WARN_SUSPICIOUS_MOVES = YES;
				CLANG_WARN_UNREACHABLE_CODE = YES;
				CLANG_WARN__DUPLICATE_METHOD_MATCH = YES;
				"CODE_SIGN_IDENTITY[sdk=iphoneos*]" = "iPhone Developer";
				COPY_PHASE_STRIP = NO;
				DEBUG_INFORMATION_FORMAT = "dwarf-with-dsym";
				ENABLE_NS_ASSERTIONS = NO;
				ENABLE_STRICT_OBJC_MSGSEND = YES;
				GCC_C_LANGUAGE_STANDARD = gnu99;
				GCC_NO_COMMON_BLOCKS = YES;
				GCC_WARN_64_TO_32_BIT_CONVERSION = YES;
				GCC_WARN_ABOUT_RETURN_TYPE = YES_ERROR;
				GCC_WARN_UNDECLARED_SELECTOR = YES;
				GCC_WARN_UNINITIALIZED_AUTOS = YES_AGGRESSIVE;
				GCC_WARN_UNUSED_FUNCTION = YES;
				GCC_WARN_UNUSED_VARIABLE = YES;
				IPHONEOS_DEPLOYMENT_TARGET = 10.1;
				MTL_ENABLE_DEBUG_INFO = NO;
				SDKROOT = iphoneos;
				TARGETED_DEVICE_FAMILY = "1,2";
				VALIDATE_PRODUCT = YES;
			};
			name = Release;
		};
		E75C64C61E44A90D003C6245 /* Debug */ = {
			isa = XCBuildConfiguration;
			buildSettings = {
				ASSETCATALOG_COMPILER_APPICON_NAME = AppIcon;
				INFOPLIST_FILE = NewsDemo/Info.plist;
				LD_RUNPATH_SEARCH_PATHS = "$(inherited) @executable_path/Frameworks";
				PRODUCT_BUNDLE_IDENTIFIER = MF.NewsDemo;
				PRODUCT_NAME = "$(TARGET_NAME)";
			};
			name = Debug;
		};
		E75C64C71E44A90D003C6245 /* Release */ = {
			isa = XCBuildConfiguration;
			buildSettings = {
				ASSETCATALOG_COMPILER_APPICON_NAME = AppIcon;
				INFOPLIST_FILE = NewsDemo/Info.plist;
				LD_RUNPATH_SEARCH_PATHS = "$(inherited) @executable_path/Frameworks";
				PRODUCT_BUNDLE_IDENTIFIER = MF.NewsDemo;
				PRODUCT_NAME = "$(TARGET_NAME)";
			};
			name = Release;
		};
		E75C64C91E44A90D003C6245 /* Debug */ = {
			isa = XCBuildConfiguration;
			buildSettings = {
				BUNDLE_LOADER = "$(TEST_HOST)";
				INFOPLIST_FILE = NewsDemoTests/Info.plist;
				LD_RUNPATH_SEARCH_PATHS = "$(inherited) @executable_path/Frameworks @loader_path/Frameworks";
				PRODUCT_BUNDLE_IDENTIFIER = MF.NewsDemoTests;
				PRODUCT_NAME = "$(TARGET_NAME)";
				TEST_HOST = "$(BUILT_PRODUCTS_DIR)/NewsDemo.app/NewsDemo";
			};
			name = Debug;
		};
		E75C64CA1E44A90D003C6245 /* Release */ = {
			isa = XCBuildConfiguration;
			buildSettings = {
				BUNDLE_LOADER = "$(TEST_HOST)";
				INFOPLIST_FILE = NewsDemoTests/Info.plist;
				LD_RUNPATH_SEARCH_PATHS = "$(inherited) @executable_path/Frameworks @loader_path/Frameworks";
				PRODUCT_BUNDLE_IDENTIFIER = MF.NewsDemoTests;
				PRODUCT_NAME = "$(TARGET_NAME)";
				TEST_HOST = "$(BUILT_PRODUCTS_DIR)/NewsDemo.app/NewsDemo";
			};
			name = Release;
		};
		E75C64CC1E44A90D003C6245 /* Debug */ = {
			isa = XCBuildConfiguration;
			buildSettings = {
				INFOPLIST_FILE = NewsDemoUITests/Info.plist;
				LD_RUNPATH_SEARCH_PATHS = "$(inherited) @executable_path/Frameworks @loader_path/Frameworks";
				PRODUCT_BUNDLE_IDENTIFIER = MF.NewsDemoUITests;
				PRODUCT_NAME = "$(TARGET_NAME)";
				TEST_TARGET_NAME = NewsDemo;
			};
			name = Debug;
		};
		E75C64CD1E44A90D003C6245 /* Release */ = {
			isa = XCBuildConfiguration;
			buildSettings = {
				INFOPLIST_FILE = NewsDemoUITests/Info.plist;
				LD_RUNPATH_SEARCH_PATHS = "$(inherited) @executable_path/Frameworks @loader_path/Frameworks";
				PRODUCT_BUNDLE_IDENTIFIER = MF.NewsDemoUITests;
				PRODUCT_NAME = "$(TARGET_NAME)";
				TEST_TARGET_NAME = NewsDemo;
			};
			name = Release;
		};
/* End XCBuildConfiguration section */

/* Begin XCConfigurationList section */
		E75C64901E44A90C003C6245 /* Build configuration list for PBXProject "NewsDemo" */ = {
			isa = XCConfigurationList;
			buildConfigurations = (
				E75C64C31E44A90D003C6245 /* Debug */,
				E75C64C41E44A90D003C6245 /* Release */,
			);
			defaultConfigurationIsVisible = 0;
			defaultConfigurationName = Release;
		};
		E75C64C51E44A90D003C6245 /* Build configuration list for PBXNativeTarget "NewsDemo" */ = {
			isa = XCConfigurationList;
			buildConfigurations = (
				E75C64C61E44A90D003C6245 /* Debug */,
				E75C64C71E44A90D003C6245 /* Release */,
			);
			defaultConfigurationIsVisible = 0;
			defaultConfigurationName = Release;
		};
		E75C64C81E44A90D003C6245 /* Build configuration list for PBXNativeTarget "NewsDemoTests" */ = {
			isa = XCConfigurationList;
			buildConfigurations = (
				E75C64C91E44A90D003C6245 /* Debug */,
				E75C64CA1E44A90D003C6245 /* Release */,
			);
			defaultConfigurationIsVisible = 0;
			defaultConfigurationName = Release;
		};
		E75C64CB1E44A90D003C6245 /* Build configuration list for PBXNativeTarget "NewsDemoUITests" */ = {
			isa = XCConfigurationList;
			buildConfigurations = (
				E75C64CC1E44A90D003C6245 /* Debug */,
				E75C64CD1E44A90D003C6245 /* Release */,
			);
			defaultConfigurationIsVisible = 0;
			defaultConfigurationName = Release;
		};
/* End XCConfigurationList section */

/* Begin XCVersionGroup section */
		E75C64A41E44A90C003C6245 /* NewsDemo.xcdatamodeld */ = {
			isa = XCVersionGroup;
			children = (
				E75C64A51E44A90C003C6245 /* NewsDemo.xcdatamodel */,
			);
			currentVersion = E75C64A51E44A90C003C6245 /* NewsDemo.xcdatamodel */;
			path = NewsDemo.xcdatamodeld;
			sourceTree = "<group>";
			versionGroupType = wrapper.xcdatamodel;
		};
/* End XCVersionGroup section */
	};
	rootObject = E75C648D1E44A90C003C6245 /* Project object */;
}
